
Microsoft Visual Studio Solution File, Format Version 12.00
# Visual Studio Version 17
VisualStudioVersion = 17.2.32630.192
MinimumVisualStudioVersion = 10.0.40219.1
Project("{FAE04EC0-301F-11D3-BF4B-00C04F79EFBC}") = "AppointmentServiceAPI", "AppointmentServiceAPI\AppointmentServiceAPI.csproj", "{FCA8D484-6F41-4599-B191-5DE9D5AD844D}"
EndProject
Global
	GlobalSection(SolutionConfigurationPlatforms) = preSolution
		Debug|Any CPU = Debug|Any CPU
		Release|Any CPU = Release|Any CPU
	EndGlobalSection
	GlobalSection(ProjectConfigurationPlatforms) = postSolution
		{FCA8D484-6F41-4599-B191-5DE9D5AD844D}.Debug|Any CPU.ActiveCfg = Debug|Any CPU
		{FCA8D484-6F41-4599-B191-5DE9D5AD844D}.Debug|Any CPU.Build.0 = Debug|Any CPU
		{FCA8D484-6F41-4599-B191-5DE9D5AD844D}.Release|Any CPU.ActiveCfg = Release|Any CPU
		{FCA8D484-6F41-4599-B191-5DE9D5AD844D}.Release|Any CPU.Build.0 = Release|Any CPU
	EndGlobalSection
	GlobalSection(SolutionProperties) = preSolution
		HideSolutionNode = FALSE
	EndGlobalSection
	GlobalSection(ExtensibilityGlobals) = postSolution
		SolutionGuid = {FA7CD41B-7292-4529-8821-19C052E14CC7}
	EndGlobalSection
EndGlobal
